
Microsoft Visual Studio Solution File, Format Version 12.00
# Visual Studio Express 14 for Windows Desktop
VisualStudioVersion = 14.0.25123.0
MinimumVisualStudioVersion = 10.0.40219.1
Project("{FAE04EC0-301F-11D3-BF4B-00C04F79EFBC}") = "VMulPatcher", "VMulPatcher\VMulPatcher.csproj", "{E82DCC24-B680-4A1D-895E-D4F01E782362}"
EndProject
Project("{FAE04EC0-301F-11D3-BF4B-00C04F79EFBC}") = "VMulPatchCreator", "VMulPatchCreator\VMulPatchCreator.csproj", "{79C13308-EE0F-4B9E-AB03-F9AED3532052}"
EndProject
Global
	GlobalSection(SolutionConfigurationPlatforms) = preSolution
		Debug|Any CPU = Debug|Any CPU
		Release|Any CPU = Release|Any CPU
	EndGlobalSection
	GlobalSection(ProjectConfigurationPlatforms) = postSolution
		{E82DCC24-B680-4A1D-895E-D4F01E782362}.Debug|Any CPU.ActiveCfg = Debug|Any CPU
		{E82DCC24-B680-4A1D-895E-D4F01E782362}.Debug|Any CPU.Build.0 = Debug|Any CPU
		{E82DCC24-B680-4A1D-895E-D4F01E782362}.Release|Any CPU.ActiveCfg = Release|Any CPU
		{E82DCC24-B680-4A1D-895E-D4F01E782362}.Release|Any CPU.Build.0 = Release|Any CPU
		{79C13308-EE0F-4B9E-AB03-F9AED3532052}.Debug|Any CPU.ActiveCfg = Debug|Any CPU
		{79C13308-EE0F-4B9E-AB03-F9AED3532052}.Debug|Any CPU.Build.0 = Debug|Any CPU
		{79C13308-EE0F-4B9E-AB03-F9AED3532052}.Release|Any CPU.ActiveCfg = Release|Any CPU
		{79C13308-EE0F-4B9E-AB03-F9AED3532052}.Release|Any CPU.Build.0 = Release|Any CPU
	EndGlobalSection
	GlobalSection(SolutionProperties) = preSolution
		HideSolutionNode = FALSE
	EndGlobalSection
EndGlobal
